// !$*UTF8*$!
{
	archiveVersion = 1;
	classes = {
	};
	objectVersion = 48;
	objects = {

/* Begin PBXBuildFile section */
		1CF5058F15E8296ABA153B6A /* Pods_SimpleBook.framework in Frameworks */ = {isa = PBXBuildFile; fileRef = 66CB3550E33C825CFBA92704 /* Pods_SimpleBook.framework */; };
		CAB95FDA1F96F2A9002FC905 /* AppDelegate.m in Sources */ = {isa = PBXBuildFile; fileRef = CAB95FD91F96F2A9002FC905 /* AppDelegate.m */; };
		CAB95FDD1F96F2A9002FC905 /* ViewController.m in Sources */ = {isa = PBXBuildFile; fileRef = CAB95FDC1F96F2A9002FC905 /* ViewController.m */; };
		CAB95FE01F96F2A9002FC905 /* Main.storyboard in Resources */ = {isa = PBXBuildFile; fileRef = CAB95FDE1F96F2A9002FC905 /* Main.storyboard */; };
		CAB95FE21F96F2A9002FC905 /* Assets.xcassets in Resources */ = {isa = PBXBuildFile; fileRef = CAB95FE11F96F2A9002FC905 /* Assets.xcassets */; };
		CAB95FE51F96F2A9002FC905 /* LaunchScreen.storyboard in Resources */ = {isa = PBXBuildFile; fileRef = CAB95FE31F96F2A9002FC905 /* LaunchScreen.storyboard */; };
		CAB95FE81F96F2A9002FC905 /* main.m in Sources */ = {isa = PBXBuildFile; fileRef = CAB95FE71F96F2A9002FC905 /* main.m */; };
/* End PBXBuildFile section */

/* Begin PBXFileReference section */
		12CA7961777A21EF26EDF53D /* Pods-SimpleBook.release.xcconfig */ = {isa = PBXFileReference; includeInIndex = 1; lastKnownFileType = text.xcconfig; name = "Pods-SimpleBook.release.xcconfig"; path = "Pods/Target Support Files/Pods-SimpleBook/Pods-SimpleBook.release.xcconfig"; sourceTree = "<group>"; };
		42D23477B3F820B42C24BB86 /* Pods-SimpleBook.debug.xcconfig */ = {isa = PBXFileReference; includeInIndex = 1; lastKnownFileType = text.xcconfig; name = "Pods-SimpleBook.debug.xcconfig"; path = "Pods/Target Support Files/Pods-SimpleBook/Pods-SimpleBook.debug.xcconfig"; sourceTree = "<group>"; };
		66CB3550E33C825CFBA92704 /* Pods_SimpleBook.framework */ = {isa = PBXFileReference; explicitFileType = wrapper.framework; includeInIndex = 0; path = Pods_SimpleBook.framework; sourceTree = BUILT_PRODUCTS_DIR; };
		CAB95FD51F96F2A9002FC905 /* SimpleBook.app */ = {isa = PBXFileReference; explicitFileType = wrapper.application; includeInIndex = 0; path = SimpleBook.app; sourceTree = BUILT_PRODUCTS_DIR; };
		CAB95FD81F96F2A9002FC905 /* AppDelegate.h */ = {isa = PBXFileReference; lastKnownFileType = sourcecode.c.h; path = AppDelegate.h; sourceTree = "<group>"; };
		CAB95FD91F96F2A9002FC905 /* AppDelegate.m */ = {isa = PBXFileReference; lastKnownFileType = sourcecode.c.objc; path = AppDelegate.m; sourceTree = "<group>"; };
		CAB95FDB1F96F2A9002FC905 /* ViewController.h */ = {isa = PBXFileReference; lastKnownFileType = sourcecode.c.h; path = ViewController.h; sourceTree = "<group>"; };
		CAB95FDC1F96F2A9002FC905 /* ViewController.m */ = {isa = PBXFileReference; lastKnownFileType = sourcecode.c.objc; path = ViewController.m; sourceTree = "<group>"; };
		CAB95FDF1F96F2A9002FC905 /* Base */ = {isa = PBXFileReference; lastKnownFileType = file.storyboard; name = Base; path = Base.lproj/Main.storyboard; sourceTree = "<group>"; };
		CAB95FE11F96F2A9002FC905 /* Assets.xcassets */ = {isa = PBXFileReference; lastKnownFileType = folder.assetcatalog; path = Assets.xcassets; sourceTree = "<group>"; };
		CAB95FE41F96F2A9002FC905 /* Base */ = {isa = PBXFileReference; lastKnownFileType = file.storyboard; name = Base; path = Base.lproj/LaunchScreen.storyboard; sourceTree = "<group>"; };
		CAB95FE61F96F2A9002FC905 /* Info.plist */ = {isa = PBXFileReference; lastKnownFileType = text.plist.xml; path = Info.plist; sourceTree = "<group>"; };
		CAB95FE71F96F2A9002FC905 /* main.m */ = {isa = PBXFileReference; lastKnownFileType = sourcecode.c.objc; path = main.m; sourceTree = "<group>"; };
/* End PBXFileReference section */

/* Begin PBXFrameworksBuildPhase section */
		CAB95FD21F96F2A9002FC905 /* Frameworks */ = {
			isa = PBXFrameworksBuildPhase;
			buildActionMask = 2147483647;
			files = (
				1CF5058F15E8296ABA153B6A /* Pods_SimpleBook.framework in Frameworks */,
			);
			runOnlyForDeploymentPostprocessing = 0;
		};
/* End PBXFrameworksBuildPhase section */

/* Begin PBXGroup section */
		825A00BC87B34AC6FF982E01 /* Pods */ = {
			isa = PBXGroup;
			children = (
				42D23477B3F820B42C24BB86 /* Pods-SimpleBook.debug.xcconfig */,
				12CA7961777A21EF26EDF53D /* Pods-SimpleBook.release.xcconfig */,
			);
			name = Pods;
			sourceTree = "<group>";
		};
		902250B5BD375647BE68E50A /* Frameworks */ = {
			isa = PBXGroup;
			children = (
				66CB3550E33C825CFBA92704 /* Pods_SimpleBook.framework */,
			);
			name = Frameworks;
			sourceTree = "<group>";
		};
		CAB95FCC1F96F2A8002FC905 = {
			isa = PBXGroup;
			children = (
				CAB95FD71F96F2A9002FC905 /* SimpleBook */,
				CAB95FD61F96F2A9002FC905 /* Products */,
				825A00BC87B34AC6FF982E01 /* Pods */,
				902250B5BD375647BE68E50A /* Frameworks */,
			);
			sourceTree = "<group>";
		};
		CAB95FD61F96F2A9002FC905 /* Products */ = {
			isa = PBXGroup;
			children = (
				CAB95FD51F96F2A9002FC905 /* SimpleBook.app */,
			);
			name = Products;
			sourceTree = "<group>";
		};
		CAB95FD71F96F2A9002FC905 /* SimpleBook */ = {
			isa = PBXGroup;
			children = (
				CAB95FD81F96F2A9002FC905 /* AppDelegate.h */,
				CAB95FD91F96F2A9002FC905 /* AppDelegate.m */,
				CAB95FDB1F96F2A9002FC905 /* ViewController.h */,
				CAB95FDC1F96F2A9002FC905 /* ViewController.m */,
				CAB95FDE1F96F2A9002FC905 /* Main.storyboard */,
				CAB95FE11F96F2A9002FC905 /* Assets.xcassets */,
				CAB95FE31F96F2A9002FC905 /* LaunchScreen.storyboard */,
				CAB95FE61F96F2A9002FC905 /* Info.plist */,
				CAB95FE71F96F2A9002FC905 /* main.m */,
			);
			path = SimpleBook;
			sourceTree = "<group>";
		};
/* End PBXGroup section */

/* Begin PBXNativeTarget section */
		CAB95FD41F96F2A9002FC905 /* SimpleBook */ = {
			isa = PBXNativeTarget;
			buildConfigurationList = CAB95FEB1F96F2A9002FC905 /* Build configuration list for PBXNativeTarget "SimpleBook" */;
			buildPhases = (
				AC90AE649E31EF822B073F0D /* [CP] Check Pods Manifest.lock */,
				CAB95FD11F96F2A9002FC905 /* Sources */,
				CAB95FD21F96F2A9002FC905 /* Frameworks */,
				CAB95FD31F96F2A9002FC905 /* Resources */,
				2664B08026E008824DB64FE4 /* [CP] Embed Pods Frameworks */,
				ADA1331544435A9245D2D17B /* [CP] Copy Pods Resources */,
			);
			buildRules = (
			);
			dependencies = (
			);
			name = SimpleBook;
			productName = SimpleBook;
			productReference = CAB95FD51F96F2A9002FC905 /* SimpleBook.app */;
			productType = "com.apple.product-type.application";
		};
/* End PBXNativeTarget section */

/* Begin PBXProject section */
		CAB95FCD1F96F2A8002FC905 /* Project object */ = {
			isa = PBXProject;
			attributes = {
				LastUpgradeCheck = 0900;
				ORGANIZATIONNAME = PFZC;
				TargetAttributes = {
					CAB95FD41F96F2A9002FC905 = {
						CreatedOnToolsVersion = 9.0.1;
						ProvisioningStyle = Automatic;
					};
				};
			};
			buildConfigurationList = CAB95FD01F96F2A8002FC905 /* Build configuration list for PBXProject "SimpleBook" */;
			compatibilityVersion = "Xcode 8.0";
			developmentRegion = en;
			hasScannedForEncodings = 0;
			knownRegions = (
				en,
				Base,
			);
			mainGroup = CAB95FCC1F96F2A8002FC905;
			productRefGroup = CAB95FD61F96F2A9002FC905 /* Products */;
			projectDirPath = "";
			projectRoot = "";
			targets = (
				CAB95FD41F96F2A9002FC905 /* SimpleBook */,
			);
		};
/* End PBXProject section */

/* Begin PBXResourcesBuildPhase section */
		CAB95FD31F96F2A9002FC905 /* Resources */ = {
			isa = PBXResourcesBuildPhase;
			buildActionMask = 2147483647;
			files = (
				CAB95FE51F96F2A9002FC905 /* LaunchScreen.storyboard in Resources */,
				CAB95FE21F96F2A9002FC905 /* Assets.xcassets in Resources */,
				CAB95FE01F96F2A9002FC905 /* Main.storyboard in Resources */,
			);
			runOnlyForDeploymentPostprocessing = 0;
		};
/* End PBXResourcesBuildPhase section */

/* Begin PBXShellScriptBuildPhase section */
		2664B08026E008824DB64FE4 /* [CP] Embed Pods Frameworks */ = {
			isa = PBXShellScriptBuildPhase;
			buildActionMask = 2147483647;
			files = (
			);
			inputPaths = (
			);
			name = "[CP] Embed Pods Frameworks";
			outputPaths = (
			);
			runOnlyForDeploymentPostprocessing = 0;
			shellPath = /bin/sh;
			shellScript = "\"${SRCROOT}/Pods/Target Support Files/Pods-SimpleBook/Pods-SimpleBook-frameworks.sh\"\n";
			showEnvVarsInLog = 0;
		};
		AC90AE649E31EF822B073F0D /* [CP] Check Pods Manifest.lock */ = {
			isa = PBXShellScriptBuildPhase;
			buildActionMask = 2147483647;
			files = (
			);
			inputPaths = (
			);
			name = "[CP] Check Pods Manifest.lock";
			outputPaths = (
			);
			runOnlyForDeploymentPostprocessing = 0;
			shellPath = /bin/sh;
			shellScript = "diff \"${PODS_PODFILE_DIR_PATH}/Podfile.lock\" \"${PODS_ROOT}/Manifest.lock\" > /dev/null\nif [ $? != 0 ] ; then\n    # print error to STDERR\n    echo \"error: The sandbox is not in sync with the Podfile.lock. Run 'pod install' or update your CocoaPods installation.\" >&2\n    exit 1\nfi\n";
			showEnvVarsInLog = 0;
		};
		ADA1331544435A9245D2D17B /* [CP] Copy Pods Resources */ = {
			isa = PBXShellScriptBuildPhase;
			buildActionMask = 2147483647;
			files = (
			);
			inputPaths = (
			);
			name = "[CP] Copy Pods Resources";
			outputPaths = (
			);
			runOnlyForDeploymentPostprocessing = 0;
			shellPath = /bin/sh;
			shellScript = "\"${SRCROOT}/Pods/Target Support Files/Pods-SimpleBook/Pods-SimpleBook-resources.sh\"\n";
			showEnvVarsInLog = 0;
		};
/* End PBXShellScriptBuildPhase section */

/* Begin PBXSourcesBuildPhase section */
		CAB95FD11F96F2A9002FC905 /* Sources */ = {
			isa = PBXSourcesBuildPhase;
			buildActionMask = 2147483647;
			files = (
				CAB95FDD1F96F2A9002FC905 /* ViewController.m in Sources */,
				CAB95FE81F96F2A9002FC905 /* main.m in Sources */,
				CAB95FDA1F96F2A9002FC905 /* AppDelegate.m in Sources */,
			);
			runOnlyForDeploymentPostprocessing = 0;
		};
/* End PBXSourcesBuildPhase section */

/* Begin PBXVariantGroup section */
		CAB95FDE1F96F2A9002FC905 /* Main.storyboard */ = {
			isa = PBXVariantGroup;
			children = (
				CAB95FDF1F96F2A9002FC905 /* Base */,
			);
			name = Main.storyboard;
			sourceTree = "<group>";
		};
		CAB95FE31F96F2A9002FC905 /* LaunchScreen.storyboard */ = {
			isa = PBXVariantGroup;
			children = (
				CAB95FE41F96F2A9002FC905 /* Base */,
			);
			name = LaunchScreen.storyboard;
			sourceTree = "<group>";
		};
/* End PBXVariantGroup section */

/* Begin XCBuildConfiguration section */
		CAB95FE91F96F2A9002FC905 /* Debug */ = {
			isa = XCBuildConfiguration;
			buildSettings = {
				ALWAYS_SEARCH_USER_PATHS = NO;
				CLANG_ANALYZER_NONNULL = YES;
				CLANG_ANALYZER_NUMBER_OBJECT_CONVERSION = YES_AGGRESSIVE;
				CLANG_CXX_LANGUAGE_STANDARD = "gnu++14";
				CLANG_CXX_LIBRARY = "libc++";
				CLANG_ENABLE_MODULES = YES;
				CLANG_ENABLE_OBJC_ARC = YES;
				CLANG_WARN_BLOCK_CAPTURE_AUTORELEASING = YES;
				CLANG_WARN_BOOL_CONVERSION = YES;
				CLANG_WARN_COMMA = YES;
				CLANG_WARN_CONSTANT_CONVERSION = YES;
				CLANG_WARN_DIRECT_OBJC_ISA_USAGE = YES_ERROR;
				CLANG_WARN_DOCUMENTATION_COMMENTS = YES;
				CLANG_WARN_EMPTY_BODY = YES;
				CLANG_WARN_ENUM_CONVERSION = YES;
				CLANG_WARN_INFINITE_RECURSION = YES;
				CLANG_WARN_INT_CONVERSION = YES;
				CLANG_WARN_NON_LITERAL_NULL_CONVERSION = YES;
				CLANG_WARN_OBJC_LITERAL_CONVERSION = YES;
				CLANG_WARN_OBJC_ROOT_CLASS = YES_ERROR;
				CLANG_WARN_RANGE_LOOP_ANALYSIS = YES;
				CLANG_WARN_STRICT_PROTOTYPES = YES;
				CLANG_WARN_SUSPICIOUS_MOVE = YES;
				CLANG_WARN_UNGUARDED_AVAILABILITY = YES_AGGRESSIVE;
				CLANG_WARN_UNREACHABLE_CODE = YES;
				CLANG_WARN__DUPLICATE_METHOD_MATCH = YES;
				CODE_SIGN_IDENTITY = "iPhone Developer";
				COPY_PHASE_STRIP = NO;
				DEBUG_INFORMATION_FORMAT = dwarf;
				ENABLE_STRICT_OBJC_MSGSEND = YES;
				ENABLE_TESTABILITY = YES;
				GCC_C_LANGUAGE_STANDARD = gnu11;
				GCC_DYNAMIC_NO_PIC = NO;
				GCC_NO_COMMON_BLOCKS = YES;
				GCC_OPTIMIZATION_LEVEL = 0;
				GCC_PREPROCESSOR_DEFINITIONS = (
					"DEBUG=1",
					"$(inherited)",
				);
				GCC_WARN_64_TO_32_BIT_CONVERSION = YES;
				GCC_WARN_ABOUT_RETURN_TYPE = YES_ERROR;
				GCC_WARN_UNDECLARED_SELECTOR = YES;
				GCC_WARN_UNINITIALIZED_AUTOS = YES_AGGRESSIVE;
				GCC_WARN_UNUSED_FUNCTION = YES;
				GCC_WARN_UNUSED_VARIABLE = YES;
				IPHONEOS_DEPLOYMENT_TARGET = 11.0;
				MTL_ENABLE_DEBUG_INFO = YES;
				ONLY_ACTIVE_ARCH = YES;
				SDKROOT = iphoneos;
			};
			name = Debug;
		};
		CAB95FEA1F96F2A9002FC905 /* Release */ = {
			isa = XCBuildConfiguration;
			buildSettings = {
				ALWAYS_SEARCH_USER_PATHS = NO;
				CLANG_ANALYZER_NONNULL = YES;
				CLANG_ANALYZER_NUMBER_OBJECT_CONVERSION = YES_AGGRESSIVE;
				CLANG_CXX_LANGUAGE_STANDARD = "gnu++14";
				CLANG_CXX_LIBRARY = "libc++";
				CLANG_ENABLE_MODULES = YES;
				CLANG_ENABLE_OBJC_ARC = YES;
				CLANG_WARN_BLOCK_CAPTURE_AUTORELEASING = YES;
				CLANG_WARN_BOOL_CONVERSION = YES;
				CLANG_WARN_COMMA = YES;
				CLANG_WARN_CONSTANT_CONVERSION = YES;
				CLANG_WARN_DIRECT_OBJC_ISA_USAGE = YES_ERROR;
				CLANG_WARN_DOCUMENTATION_COMMENTS = YES;
				CLANG_WARN_EMPTY_BODY = YES;
				CLANG_WARN_ENUM_CONVERSION = YES;
				CLANG_WARN_INFINITE_RECURSION = YES;
				CLANG_WARN_INT_CONVERSION = YES;
				CLANG_WARN_NON_LITERAL_NULL_CONVERSION = YES;
				CLANG_WARN_OBJC_LITERAL_CONVERSION = YES;
				CLANG_WARN_OBJC_ROOT_CLASS = YES_ERROR;
				CLANG_WARN_RANGE_LOOP_ANALYSIS = YES;
				CLANG_WARN_STRICT_PROTOTYPES = YES;
				CLANG_WARN_SUSPICIOUS_MOVE = YES;
				CLANG_WARN_UNGUARDED_AVAILABILITY = YES_AGGRESSIVE;
				CLANG_WARN_UNREACHABLE_CODE = YES;
				CLANG_WARN__DUPLICATE_METHOD_MATCH = YES;
				CODE_SIGN_IDENTITY = "iPhone Developer";
				COPY_PHASE_STRIP = NO;
				DEBUG_INFORMATION_FORMAT = "dwarf-with-dsym";
				ENABLE_NS_ASSERTIONS = NO;
				ENABLE_STRICT_OBJC_MSGSEND = YES;
				GCC_C_LANGUAGE_STANDARD = gnu11;
				GCC_NO_COMMON_BLOCKS = YES;
				GCC_WARN_64_TO_32_BIT_CONVERSION = YES;
				GCC_WARN_ABOUT_RETURN_TYPE = YES_ERROR;
				GCC_WARN_UNDECLARED_SELECTOR = YES;
				GCC_WARN_UNINITIALIZED_AUTOS = YES_AGGRESSIVE;
				GCC_WARN_UNUSED_FUNCTION = YES;
				GCC_WARN_UNUSED_VARIABLE = YES;
				IPHONEOS_DEPLOYMENT_TARGET = 11.0;
				MTL_ENABLE_DEBUG_INFO = NO;
				SDKROOT = iphoneos;
				VALIDATE_PRODUCT = YES;
			};
			name = Release;
		};
		CAB95FEC1F96F2A9002FC905 /* Debug */ = {
			isa = XCBuildConfiguration;
			baseConfigurationReference = 42D23477B3F820B42C24BB86 /* Pods-SimpleBook.debug.xcconfig */;
			buildSettings = {
				ASSETCATALOG_COMPILER_APPICON_NAME = AppIcon;
				CODE_SIGN_STYLE = Automatic;
				DEVELOPMENT_TEAM = QNW48Z288Z;
				INFOPLIST_FILE = SimpleBook/Info.plist;
				LD_RUNPATH_SEARCH_PATHS = "$(inherited) @executable_path/Frameworks";
				PRODUCT_BUNDLE_IDENTIFIER = com.dimeng.SimpleBook;
				PRODUCT_NAME = "$(TARGET_NAME)";
				TARGETED_DEVICE_FAMILY = "1,2";
			};
			name = Debug;
		};
		CAB95FED1F96F2A9002FC905 /* Release */ = {
			isa = XCBuildConfiguration;
			baseConfigurationReference = 12CA7961777A21EF26EDF53D /* Pods-SimpleBook.release.xcconfig */;
			buildSettings = {
				ASSETCATALOG_COMPILER_APPICON_NAME = AppIcon;
				CODE_SIGN_STYLE = Automatic;
				DEVELOPMENT_TEAM = QNW48Z288Z;
				INFOPLIST_FILE = SimpleBook/Info.plist;
				LD_RUNPATH_SEARCH_PATHS = "$(inherited) @executable_path/Frameworks";
				PRODUCT_BUNDLE_IDENTIFIER = com.dimeng.SimpleBook;
				PRODUCT_NAME = "$(TARGET_NAME)";
				TARGETED_DEVICE_FAMILY = "1,2";
			};
			name = Release;
		};
/* End XCBuildConfiguration section */

/* Begin XCConfigurationList section */
		CAB95FD01F96F2A8002FC905 /* Build configuration list for PBXProject "SimpleBook" */ = {
			isa = XCConfigurationList;
			buildConfigurations = (
				CAB95FE91F96F2A9002FC905 /* Debug */,
				CAB95FEA1F96F2A9002FC905 /* Release */,
			);
			defaultConfigurationIsVisible = 0;
			defaultConfigurationName = Release;
		};
		CAB95FEB1F96F2A9002FC905 /* Build configuration list for PBXNativeTarget "SimpleBook" */ = {
			isa = XCConfigurationList;
			buildConfigurations = (
				CAB95FEC1F96F2A9002FC905 /* Debug */,
				CAB95FED1F96F2A9002FC905 /* Release */,
			);
			defaultConfigurationIsVisible = 0;
			defaultConfigurationName = Release;
		};
/* End XCConfigurationList section */
	};
	rootObject = CAB95FCD1F96F2A8002FC905 /* Project object */;
}
